// !$*UTF8*$!
{
	archiveVersion = 1;
	classes = {
	};
	objectVersion = 46;
	objects = {

/* Begin PBXBuildFile section */
		0B5A1CF61CD841A500EC2F8A /* MannerP.swift in Sources */ = {isa = PBXBuildFile; fileRef = 0B5A1CF51CD841A500EC2F8A /* MannerP.swift */; };
		0B5A1CF81CD841DF00EC2F8A /* Manner.swift in Sources */ = {isa = PBXBuildFile; fileRef = 0B5A1CF71CD841DF00EC2F8A /* Manner.swift */; };
		0B5A1CFA1CD842BA00EC2F8A /* thankManner.png in Resources */ = {isa = PBXBuildFile; fileRef = 0B5A1CF91CD842BA00EC2F8A /* thankManner.png */; };
		0B5A1CFC1CD842C100EC2F8A /* teasingManner.png in Resources */ = {isa = PBXBuildFile; fileRef = 0B5A1CFB1CD842C100EC2F8A /* teasingManner.png */; };
		0B5A1CFE1CD842C800EC2F8A /* quietManner.png in Resources */ = {isa = PBXBuildFile; fileRef = 0B5A1CFD1CD842C800EC2F8A /* quietManner.png */; };
		0B5A1D001CD842CD00EC2F8A /* pleaseManner.png in Resources */ = {isa = PBXBuildFile; fileRef = 0B5A1CFF1CD842CD00EC2F8A /* pleaseManner.png */; };
		0B5A1D021CD842D200EC2F8A /* mouthManner.png in Resources */ = {isa = PBXBuildFile; fileRef = 0B5A1D011CD842D200EC2F8A /* mouthManner.png */; };
		0B5A1D041CD842DC00EC2F8A /* meanNameManner.png in Resources */ = {isa = PBXBuildFile; fileRef = 0B5A1D031CD842DC00EC2F8A /* meanNameManner.png */; };
		0B5A1D061CD842E300EC2F8A /* knockClosedManner.png in Resources */ = {isa = PBXBuildFile; fileRef = 0B5A1D051CD842E300EC2F8A /* knockClosedManner.png */; };
		0B5A1D081CD842E800EC2F8A /* excuseMeManner.png in Resources */ = {isa = PBXBuildFile; fileRef = 0B5A1D071CD842E800EC2F8A /* excuseMeManner.png */; };
		0B5A1D0A1CD8480300EC2F8A /* EmailViewController.swift in Sources */ = {isa = PBXBuildFile; fileRef = 0B5A1D091CD8480300EC2F8A /* EmailViewController.swift */; };
		1D6BEDED1CBF3AB300C2AE54 /* ShapeTableViewCell.swift in Sources */ = {isa = PBXBuildFile; fileRef = 1D6BEDEB1CBF3AB300C2AE54 /* ShapeTableViewCell.swift */; };
		1D6BEDEE1CBF3AB300C2AE54 /* ShapeTableViewCell.xib in Resources */ = {isa = PBXBuildFile; fileRef = 1D6BEDEC1CBF3AB300C2AE54 /* ShapeTableViewCell.xib */; };
		1DD0003B1CBC907D0003E6B4 /* AppDelegate.swift in Sources */ = {isa = PBXBuildFile; fileRef = 1DD0003A1CBC907D0003E6B4 /* AppDelegate.swift */; };
		1DD0003D1CBC907D0003E6B4 /* ViewController.swift in Sources */ = {isa = PBXBuildFile; fileRef = 1DD0003C1CBC907D0003E6B4 /* ViewController.swift */; };
		1DD000401CBC907D0003E6B4 /* Main.storyboard in Resources */ = {isa = PBXBuildFile; fileRef = 1DD0003E1CBC907D0003E6B4 /* Main.storyboard */; };
		1DD000421CBC907D0003E6B4 /* Assets.xcassets in Resources */ = {isa = PBXBuildFile; fileRef = 1DD000411CBC907D0003E6B4 /* Assets.xcassets */; };
		1DD000451CBC907D0003E6B4 /* LaunchScreen.storyboard in Resources */ = {isa = PBXBuildFile; fileRef = 1DD000431CBC907D0003E6B4 /* LaunchScreen.storyboard */; };
		1DD000531CBC99060003E6B4 /* ShapeDetailViewController.swift in Sources */ = {isa = PBXBuildFile; fileRef = 1DD000521CBC99060003E6B4 /* ShapeDetailViewController.swift */; };
/* End PBXBuildFile section */

/* Begin PBXFileReference section */
		0B5A1CF51CD841A500EC2F8A /* MannerP.swift */ = {isa = PBXFileReference; fileEncoding = 4; lastKnownFileType = sourcecode.swift; path = MannerP.swift; sourceTree = "<group>"; };
		0B5A1CF71CD841DF00EC2F8A /* Manner.swift */ = {isa = PBXFileReference; fileEncoding = 4; lastKnownFileType = sourcecode.swift; path = Manner.swift; sourceTree = "<group>"; };
		0B5A1CF91CD842BA00EC2F8A /* thankManner.png */ = {isa = PBXFileReference; lastKnownFileType = image.png; path = thankManner.png; sourceTree = "<group>"; };
		0B5A1CFB1CD842C100EC2F8A /* teasingManner.png */ = {isa = PBXFileReference; lastKnownFileType = image.png; path = teasingManner.png; sourceTree = "<group>"; };
		0B5A1CFD1CD842C800EC2F8A /* quietManner.png */ = {isa = PBXFileReference; lastKnownFileType = image.png; path = quietManner.png; sourceTree = "<group>"; };
		0B5A1CFF1CD842CD00EC2F8A /* pleaseManner.png */ = {isa = PBXFileReference; lastKnownFileType = image.png; path = pleaseManner.png; sourceTree = "<group>"; };
		0B5A1D011CD842D200EC2F8A /* mouthManner.png */ = {isa = PBXFileReference; lastKnownFileType = image.png; path = mouthManner.png; sourceTree = "<group>"; };
		0B5A1D031CD842DC00EC2F8A /* meanNameManner.png */ = {isa = PBXFileReference; lastKnownFileType = image.png; path = meanNameManner.png; sourceTree = "<group>"; };
		0B5A1D051CD842E300EC2F8A /* knockClosedManner.png */ = {isa = PBXFileReference; lastKnownFileType = image.png; path = knockClosedManner.png; sourceTree = "<group>"; };
		0B5A1D071CD842E800EC2F8A /* excuseMeManner.png */ = {isa = PBXFileReference; lastKnownFileType = image.png; path = excuseMeManner.png; sourceTree = "<group>"; };
		0B5A1D091CD8480300EC2F8A /* EmailViewController.swift */ = {isa = PBXFileReference; fileEncoding = 4; lastKnownFileType = sourcecode.swift; path = EmailViewController.swift; sourceTree = "<group>"; };
		1D6BEDEB1CBF3AB300C2AE54 /* ShapeTableViewCell.swift */ = {isa = PBXFileReference; fileEncoding = 4; lastKnownFileType = sourcecode.swift; path = ShapeTableViewCell.swift; sourceTree = "<group>"; };
		1D6BEDEC1CBF3AB300C2AE54 /* ShapeTableViewCell.xib */ = {isa = PBXFileReference; fileEncoding = 4; lastKnownFileType = file.xib; path = ShapeTableViewCell.xib; sourceTree = "<group>"; };
		1DD000371CBC907D0003E6B4 /* ShapeDetails.app */ = {isa = PBXFileReference; explicitFileType = wrapper.application; includeInIndex = 0; path = ShapeDetails.app; sourceTree = BUILT_PRODUCTS_DIR; };
		1DD0003A1CBC907D0003E6B4 /* AppDelegate.swift */ = {isa = PBXFileReference; lastKnownFileType = sourcecode.swift; path = AppDelegate.swift; sourceTree = "<group>"; };
		1DD0003C1CBC907D0003E6B4 /* ViewController.swift */ = {isa = PBXFileReference; lastKnownFileType = sourcecode.swift; path = ViewController.swift; sourceTree = "<group>"; };
		1DD0003F1CBC907D0003E6B4 /* Base */ = {isa = PBXFileReference; lastKnownFileType = file.storyboard; name = Base; path = Base.lproj/Main.storyboard; sourceTree = "<group>"; };
		1DD000411CBC907D0003E6B4 /* Assets.xcassets */ = {isa = PBXFileReference; lastKnownFileType = folder.assetcatalog; path = Assets.xcassets; sourceTree = "<group>"; };
		1DD000441CBC907D0003E6B4 /* Base */ = {isa = PBXFileReference; lastKnownFileType = file.storyboard; name = Base; path = Base.lproj/LaunchScreen.storyboard; sourceTree = "<group>"; };
		1DD000461CBC907D0003E6B4 /* Info.plist */ = {isa = PBXFileReference; lastKnownFileType = text.plist.xml; path = Info.plist; sourceTree = "<group>"; };
		1DD000521CBC99060003E6B4 /* ShapeDetailViewController.swift */ = {isa = PBXFileReference; fileEncoding = 4; lastKnownFileType = sourcecode.swift; path = ShapeDetailViewController.swift; sourceTree = "<group>"; };
/* End PBXFileReference section */

/* Begin PBXFrameworksBuildPhase section */
		1DD000341CBC907D0003E6B4 /* Frameworks */ = {
			isa = PBXFrameworksBuildPhase;
			buildActionMask = 2147483647;
			files = (
			);
			runOnlyForDeploymentPostprocessing = 0;
		};
/* End PBXFrameworksBuildPhase section */

/* Begin PBXGroup section */
		1DD0002E1CBC907D0003E6B4 = {
			isa = PBXGroup;
			children = (
				1DD000391CBC907D0003E6B4 /* ShapeDetails */,
				1DD000381CBC907D0003E6B4 /* Products */,
			);
			sourceTree = "<group>";
		};
		1DD000381CBC907D0003E6B4 /* Products */ = {
			isa = PBXGroup;
			children = (
				1DD000371CBC907D0003E6B4 /* ShapeDetails.app */,
			);
			name = Products;
			sourceTree = "<group>";
		};
		1DD000391CBC907D0003E6B4 /* ShapeDetails */ = {
			isa = PBXGroup;
			children = (
				1DD0003A1CBC907D0003E6B4 /* AppDelegate.swift */,
				1DD0003C1CBC907D0003E6B4 /* ViewController.swift */,
				1DD0003E1CBC907D0003E6B4 /* Main.storyboard */,
				0B5A1D091CD8480300EC2F8A /* EmailViewController.swift */,
				1DD000411CBC907D0003E6B4 /* Assets.xcassets */,
				1DD000431CBC907D0003E6B4 /* LaunchScreen.storyboard */,
				1DD000461CBC907D0003E6B4 /* Info.plist */,
				1DD000521CBC99060003E6B4 /* ShapeDetailViewController.swift */,
				1D6BEDEB1CBF3AB300C2AE54 /* ShapeTableViewCell.swift */,
				1D6BEDEC1CBF3AB300C2AE54 /* ShapeTableViewCell.xib */,
				0B5A1CF51CD841A500EC2F8A /* MannerP.swift */,
				0B5A1CF71CD841DF00EC2F8A /* Manner.swift */,
				0B5A1CF91CD842BA00EC2F8A /* thankManner.png */,
				0B5A1CFB1CD842C100EC2F8A /* teasingManner.png */,
				0B5A1CFD1CD842C800EC2F8A /* quietManner.png */,
				0B5A1CFF1CD842CD00EC2F8A /* pleaseManner.png */,
				0B5A1D011CD842D200EC2F8A /* mouthManner.png */,
				0B5A1D031CD842DC00EC2F8A /* meanNameManner.png */,
				0B5A1D051CD842E300EC2F8A /* knockClosedManner.png */,
				0B5A1D071CD842E800EC2F8A /* excuseMeManner.png */,
			);
			path = ShapeDetails;
			sourceTree = "<group>";
		};
/* End PBXGroup section */

/* Begin PBXNativeTarget section */
		1DD000361CBC907D0003E6B4 /* ShapeDetails */ = {
			isa = PBXNativeTarget;
			buildConfigurationList = 1DD000491CBC907D0003E6B4 /* Build configuration list for PBXNativeTarget "ShapeDetails" */;
			buildPhases = (
				1DD000331CBC907D0003E6B4 /* Sources */,
				1DD000341CBC907D0003E6B4 /* Frameworks */,
				1DD000351CBC907D0003E6B4 /* Resources */,
			);
			buildRules = (
			);
			dependencies = (
			);
			name = ShapeDetails;
			productName = ShapeDetails;
			productReference = 1DD000371CBC907D0003E6B4 /* ShapeDetails.app */;
			productType = "com.apple.product-type.application";
		};
/* End PBXNativeTarget section */

/* Begin PBXProject section */
		1DD0002F1CBC907D0003E6B4 /* Project object */ = {
			isa = PBXProject;
			attributes = {
				LastSwiftUpdateCheck = 0720;
				LastUpgradeCheck = 0720;
				ORGANIZATIONNAME = "Burns, Ryan Thomas";
				TargetAttributes = {
					1DD000361CBC907D0003E6B4 = {
						CreatedOnToolsVersion = 7.2;
					};
				};
			};
			buildConfigurationList = 1DD000321CBC907D0003E6B4 /* Build configuration list for PBXProject "ShapeDetails" */;
			compatibilityVersion = "Xcode 3.2";
			developmentRegion = English;
			hasScannedForEncodings = 0;
			knownRegions = (
				en,
				Base,
			);
			mainGroup = 1DD0002E1CBC907D0003E6B4;
			productRefGroup = 1DD000381CBC907D0003E6B4 /* Products */;
			projectDirPath = "";
			projectRoot = "";
			targets = (
				1DD000361CBC907D0003E6B4 /* ShapeDetails */,
			);
		};
/* End PBXProject section */

/* Begin PBXResourcesBuildPhase section */
		1DD000351CBC907D0003E6B4 /* Resources */ = {
			isa = PBXResourcesBuildPhase;
			buildActionMask = 2147483647;
			files = (
				0B5A1CFA1CD842BA00EC2F8A /* thankManner.png in Resources */,
				0B5A1D081CD842E800EC2F8A /* excuseMeManner.png in Resources */,
				1DD000451CBC907D0003E6B4 /* LaunchScreen.storyboard in Resources */,
				1DD000421CBC907D0003E6B4 /* Assets.xcassets in Resources */,
				1DD000401CBC907D0003E6B4 /* Main.storyboard in Resources */,
				0B5A1D041CD842DC00EC2F8A /* meanNameManner.png in Resources */,
				0B5A1D021CD842D200EC2F8A /* mouthManner.png in Resources */,
				0B5A1CFC1CD842C100EC2F8A /* teasingManner.png in Resources */,
				1D6BEDEE1CBF3AB300C2AE54 /* ShapeTableViewCell.xib in Resources */,
				0B5A1D001CD842CD00EC2F8A /* pleaseManner.png in Resources */,
				0B5A1CFE1CD842C800EC2F8A /* quietManner.png in Resources */,
				0B5A1D061CD842E300EC2F8A /* knockClosedManner.png in Resources */,
			);
			runOnlyForDeploymentPostprocessing = 0;
		};
/* End PBXResourcesBuildPhase section */

/* Begin PBXSourcesBuildPhase section */
		1DD000331CBC907D0003E6B4 /* Sources */ = {
			isa = PBXSourcesBuildPhase;
			buildActionMask = 2147483647;
			files = (
				1DD0003D1CBC907D0003E6B4 /* ViewController.swift in Sources */,
				1DD000531CBC99060003E6B4 /* ShapeDetailViewController.swift in Sources */,
				0B5A1CF81CD841DF00EC2F8A /* Manner.swift in Sources */,
				1DD0003B1CBC907D0003E6B4 /* AppDelegate.swift in Sources */,
				0B5A1CF61CD841A500EC2F8A /* MannerP.swift in Sources */,
				0B5A1D0A1CD8480300EC2F8A /* EmailViewController.swift in Sources */,
				1D6BEDED1CBF3AB300C2AE54 /* ShapeTableViewCell.swift in Sources */,
			);
			runOnlyForDeploymentPostprocessing = 0;
		};
/* End PBXSourcesBuildPhase section */

/* Begin PBXVariantGroup section */
		1DD0003E1CBC907D0003E6B4 /* Main.storyboard */ = {
			isa = PBXVariantGroup;
			children = (
				1DD0003F1CBC907D0003E6B4 /* Base */,
			);
			name = Main.storyboard;
			sourceTree = "<group>";
		};
		1DD000431CBC907D0003E6B4 /* LaunchScreen.storyboard */ = {
			isa = PBXVariantGroup;
			children = (
				1DD000441CBC907D0003E6B4 /* Base */,
			);
			name = LaunchScreen.storyboard;
			sourceTree = "<group>";
		};
/* End PBXVariantGroup section */

/* Begin XCBuildConfiguration section */
		1DD000471CBC907D0003E6B4 /* Debug */ = {
			isa = XCBuildConfiguration;
			buildSettings = {
				ALWAYS_SEARCH_USER_PATHS = NO;
				CLANG_CXX_LANGUAGE_STANDARD = "gnu++0x";
				CLANG_CXX_LIBRARY = "libc++";
				CLANG_ENABLE_MODULES = YES;
				CLANG_ENABLE_OBJC_ARC = YES;
				CLANG_WARN_BOOL_CONVERSION = YES;
				CLANG_WARN_CONSTANT_CONVERSION = YES;
				CLANG_WARN_DIRECT_OBJC_ISA_USAGE = YES_ERROR;
				CLANG_WARN_EMPTY_BODY = YES;
				CLANG_WARN_ENUM_CONVERSION = YES;
				CLANG_WARN_INT_CONVERSION = YES;
				CLANG_WARN_OBJC_ROOT_CLASS = YES_ERROR;
				CLANG_WARN_UNREACHABLE_CODE = YES;
				CLANG_WARN__DUPLICATE_METHOD_MATCH = YES;
				"CODE_SIGN_IDENTITY[sdk=iphoneos*]" = "iPhone Developer";
				COPY_PHASE_STRIP = NO;
				DEBUG_INFORMATION_FORMAT = dwarf;
				ENABLE_STRICT_OBJC_MSGSEND = YES;
				ENABLE_TESTABILITY = YES;
				GCC_C_LANGUAGE_STANDARD = gnu99;
				GCC_DYNAMIC_NO_PIC = NO;
				GCC_NO_COMMON_BLOCKS = YES;
				GCC_OPTIMIZATION_LEVEL = 0;
				GCC_PREPROCESSOR_DEFINITIONS = (
					"DEBUG=1",
					"$(inherited)",
				);
				GCC_WARN_64_TO_32_BIT_CONVERSION = YES;
				GCC_WARN_ABOUT_RETURN_TYPE = YES_ERROR;
				GCC_WARN_UNDECLARED_SELECTOR = YES;
				GCC_WARN_UNINITIALIZED_AUTOS = YES_AGGRESSIVE;
				GCC_WARN_UNUSED_FUNCTION = YES;
				GCC_WARN_UNUSED_VARIABLE = YES;
				IPHONEOS_DEPLOYMENT_TARGET = 9.2;
				MTL_ENABLE_DEBUG_INFO = YES;
				ONLY_ACTIVE_ARCH = YES;
				SDKROOT = iphoneos;
				SWIFT_OPTIMIZATION_LEVEL = "-Onone";
				TARGETED_DEVICE_FAMILY = "1,2";
			};
			name = Debug;
		};
		1DD000481CBC907D0003E6B4 /* Release */ = {
			isa = XCBuildConfiguration;
			buildSettings = {
				ALWAYS_SEARCH_USER_PATHS = NO;
				CLANG_CXX_LANGUAGE_STANDARD = "gnu++0x";
				CLANG_CXX_LIBRARY = "libc++";
				CLANG_ENABLE_MODULES = YES;
				CLANG_ENABLE_OBJC_ARC = YES;
				CLANG_WARN_BOOL_CONVERSION = YES;
				CLANG_WARN_CONSTANT_CONVERSION = YES;
				CLANG_WARN_DIRECT_OBJC_ISA_USAGE = YES_ERROR;
				CLANG_WARN_EMPTY_BODY = YES;
				CLANG_WARN_ENUM_CONVERSION = YES;
				CLANG_WARN_INT_CONVERSION = YES;
				CLANG_WARN_OBJC_ROOT_CLASS = YES_ERROR;
				CLANG_WARN_UNREACHABLE_CODE = YES;
				CLANG_WARN__DUPLICATE_METHOD_MATCH = YES;
				"CODE_SIGN_IDENTITY[sdk=iphoneos*]" = "iPhone Developer";
				COPY_PHASE_STRIP = NO;
				DEBUG_INFORMATION_FORMAT = "dwarf-with-dsym";
				ENABLE_NS_ASSERTIONS = NO;
				ENABLE_STRICT_OBJC_MSGSEND = YES;
				GCC_C_LANGUAGE_STANDARD = gnu99;
				GCC_NO_COMMON_BLOCKS = YES;
				GCC_WARN_64_TO_32_BIT_CONVERSION = YES;
				GCC_WARN_ABOUT_RETURN_TYPE = YES_ERROR;
				GCC_WARN_UNDECLARED_SELECTOR = YES;
				GCC_WARN_UNINITIALIZED_AUTOS = YES_AGGRESSIVE;
				GCC_WARN_UNUSED_FUNCTION = YES;
				GCC_WARN_UNUSED_VARIABLE = YES;
				IPHONEOS_DEPLOYMENT_TARGET = 9.2;
				MTL_ENABLE_DEBUG_INFO = NO;
				SDKROOT = iphoneos;
				TARGETED_DEVICE_FAMILY = "1,2";
				VALIDATE_PRODUCT = YES;
			};
			name = Release;
		};
		1DD0004A1CBC907D0003E6B4 /* Debug */ = {
			isa = XCBuildConfiguration;
			buildSettings = {
				ASSETCATALOG_COMPILER_APPICON_NAME = AppIcon;
				INFOPLIST_FILE = ShapeDetails/Info.plist;
				LD_RUNPATH_SEARCH_PATHS = "$(inherited) @executable_path/Frameworks";
				PRODUCT_BUNDLE_IDENTIFIER = edu.chapman.ShapeDetails;
				PRODUCT_NAME = "$(TARGET_NAME)";
			};
			name = Debug;
		};
		1DD0004B1CBC907D0003E6B4 /* Release */ = {
			isa = XCBuildConfiguration;
			buildSettings = {
				ASSETCATALOG_COMPILER_APPICON_NAME = AppIcon;
				INFOPLIST_FILE = ShapeDetails/Info.plist;
				LD_RUNPATH_SEARCH_PATHS = "$(inherited) @executable_path/Frameworks";
				PRODUCT_BUNDLE_IDENTIFIER = edu.chapman.ShapeDetails;
				PRODUCT_NAME = "$(TARGET_NAME)";
			};
			name = Release;
		};
/* End XCBuildConfiguration section */

/* Begin XCConfigurationList section */
		1DD000321CBC907D0003E6B4 /* Build configuration list for PBXProject "ShapeDetails" */ = {
			isa = XCConfigurationList;
			buildConfigurations = (
				1DD000471CBC907D0003E6B4 /* Debug */,
				1DD000481CBC907D0003E6B4 /* Release */,
			);
			defaultConfigurationIsVisible = 0;
			defaultConfigurationName = Release;
		};
		1DD000491CBC907D0003E6B4 /* Build configuration list for PBXNativeTarget "ShapeDetails" */ = {
			isa = XCConfigurationList;
			buildConfigurations = (
				1DD0004A1CBC907D0003E6B4 /* Debug */,
				1DD0004B1CBC907D0003E6B4 /* Release */,
			);
			defaultConfigurationIsVisible = 0;
			defaultConfigurationName = Release;
		};
/* End XCConfigurationList section */
	};
	rootObject = 1DD0002F1CBC907D0003E6B4 /* Project object */;
}
